
Microsoft Visual Studio Solution File, Format Version 12.00
# Visual Studio Version 17
VisualStudioVersion = 17.10.35013.160
MinimumVisualStudioVersion = 10.0.40219.1
Project("{FAE04EC0-301F-11D3-BF4B-00C04F79EFBC}") = "SanatoryApi", "SanatoryApi.csproj", "{152B488B-19E5-494A-8AB8-72260AE275AC}"
EndProject
Global
	GlobalSection(SolutionConfigurationPlatforms) = preSolution
		Debug|Any CPU = Debug|Any CPU
		Release|Any CPU = Release|Any CPU
	EndGlobalSection
	GlobalSection(ProjectConfigurationPlatforms) = postSolution
		{152B488B-19E5-494A-8AB8-72260AE275AC}.Debug|Any CPU.ActiveCfg = Debug|Any CPU
		{152B488B-19E5-494A-8AB8-72260AE275AC}.Debug|Any CPU.Build.0 = Debug|Any CPU
		{152B488B-19E5-494A-8AB8-72260AE275AC}.Release|Any CPU.ActiveCfg = Release|Any CPU
		{152B488B-19E5-494A-8AB8-72260AE275AC}.Release|Any CPU.Build.0 = Release|Any CPU
	EndGlobalSection
	GlobalSection(SolutionProperties) = preSolution
		HideSolutionNode = FALSE
	EndGlobalSection
	GlobalSection(ExtensibilityGlobals) = postSolution
		SolutionGuid = {42B31F16-B422-4F2E-8BDD-0D1B66F1BFD7}
	EndGlobalSection
EndGlobal
